// !$*UTF8*$!
{
	archiveVersion = 1;
	classes = {
	};
	objectVersion = 56;
	objects = {

/* Begin PBXBuildFile section */
		B444F3EC2B43C54D006BA280 /* FirebaseAuth in Frameworks */ = {isa = PBXBuildFile; productRef = B444F3EB2B43C54D006BA280 /* FirebaseAuth */; };
		B444F3EE2B43C54D006BA280 /* FirebaseAuthCombine-Community in Frameworks */ = {isa = PBXBuildFile; productRef = B444F3ED2B43C54D006BA280 /* FirebaseAuthCombine-Community */; };
		B4B21F892B3C0AB200279DF7 /* FBAuthApp.swift in Sources */ = {isa = PBXBuildFile; fileRef = B4B21F882B3C0AB200279DF7 /* FBAuthApp.swift */; };
		B4B21F8B2B3C0AB200279DF7 /* ContentView.swift in Sources */ = {isa = PBXBuildFile; fileRef = B4B21F8A2B3C0AB200279DF7 /* ContentView.swift */; };
		B4B21F8D2B3C0AB400279DF7 /* Assets.xcassets in Resources */ = {isa = PBXBuildFile; fileRef = B4B21F8C2B3C0AB400279DF7 /* Assets.xcassets */; };
		B4B21F902B3C0AB400279DF7 /* Preview Assets.xcassets in Resources */ = {isa = PBXBuildFile; fileRef = B4B21F8F2B3C0AB400279DF7 /* Preview Assets.xcassets */; };
		B4B21F9E2B3C0B8E00279DF7 /* InputView.swift in Sources */ = {isa = PBXBuildFile; fileRef = B4B21F9D2B3C0B8E00279DF7 /* InputView.swift */; };
		B4B21FA02B3C0BD500279DF7 /* SettingsRowView.swift in Sources */ = {isa = PBXBuildFile; fileRef = B4B21F9F2B3C0BD500279DF7 /* SettingsRowView.swift */; };
		B4B21FA42B3C0C1D00279DF7 /* LoginView.swift in Sources */ = {isa = PBXBuildFile; fileRef = B4B21FA32B3C0C1D00279DF7 /* LoginView.swift */; };
		B4B21FA62B3C0C3E00279DF7 /* RegistrationView.swift in Sources */ = {isa = PBXBuildFile; fileRef = B4B21FA52B3C0C3E00279DF7 /* RegistrationView.swift */; };
		B4B21FA82B3C0C6000279DF7 /* AuthVM.swift in Sources */ = {isa = PBXBuildFile; fileRef = B4B21FA72B3C0C6000279DF7 /* AuthVM.swift */; };
		B4B21FAA2B3C0CA000279DF7 /* ProfileView.swift in Sources */ = {isa = PBXBuildFile; fileRef = B4B21FA92B3C0CA000279DF7 /* ProfileView.swift */; };
		B4B21FAC2B3C0CCA00279DF7 /* User.swift in Sources */ = {isa = PBXBuildFile; fileRef = B4B21FAB2B3C0CCA00279DF7 /* User.swift */; };
		B4B21FC32B3C102B00279DF7 /* FirebaseDatabase in Frameworks */ = {isa = PBXBuildFile; productRef = B4B21FC22B3C102B00279DF7 /* FirebaseDatabase */; };
		B4B21FC52B3C102B00279DF7 /* FirebaseDatabaseSwift in Frameworks */ = {isa = PBXBuildFile; productRef = B4B21FC42B3C102B00279DF7 /* FirebaseDatabaseSwift */; };
		B4B21FC92B3C102B00279DF7 /* FirebaseFirestore in Frameworks */ = {isa = PBXBuildFile; productRef = B4B21FC82B3C102B00279DF7 /* FirebaseFirestore */; };
		B4B21FCB2B3C102B00279DF7 /* FirebaseFirestoreCombine-Community in Frameworks */ = {isa = PBXBuildFile; productRef = B4B21FCA2B3C102B00279DF7 /* FirebaseFirestoreCombine-Community */; };
		B4B21FCD2B3C102B00279DF7 /* FirebaseFirestoreSwift in Frameworks */ = {isa = PBXBuildFile; productRef = B4B21FCC2B3C102B00279DF7 /* FirebaseFirestoreSwift */; };
		B4B21FD52B3C18EE00279DF7 /* GoogleService-Info.plist in Resources */ = {isa = PBXBuildFile; fileRef = B4B21FD42B3C18EE00279DF7 /* GoogleService-Info.plist */; };
/* End PBXBuildFile section */

/* Begin PBXFileReference section */
		B4B21F852B3C0AB200279DF7 /* FBAuth.app */ = {isa = PBXFileReference; explicitFileType = wrapper.application; includeInIndex = 0; path = FBAuth.app; sourceTree = BUILT_PRODUCTS_DIR; };
		B4B21F882B3C0AB200279DF7 /* FBAuthApp.swift */ = {isa = PBXFileReference; lastKnownFileType = sourcecode.swift; path = FBAuthApp.swift; sourceTree = "<group>"; };
		B4B21F8A2B3C0AB200279DF7 /* ContentView.swift */ = {isa = PBXFileReference; lastKnownFileType = sourcecode.swift; path = ContentView.swift; sourceTree = "<group>"; };
		B4B21F8C2B3C0AB400279DF7 /* Assets.xcassets */ = {isa = PBXFileReference; lastKnownFileType = folder.assetcatalog; path = Assets.xcassets; sourceTree = "<group>"; };
		B4B21F8F2B3C0AB400279DF7 /* Preview Assets.xcassets */ = {isa = PBXFileReference; lastKnownFileType = folder.assetcatalog; path = "Preview Assets.xcassets"; sourceTree = "<group>"; };
		B4B21F9D2B3C0B8E00279DF7 /* InputView.swift */ = {isa = PBXFileReference; lastKnownFileType = sourcecode.swift; path = InputView.swift; sourceTree = "<group>"; };
		B4B21F9F2B3C0BD500279DF7 /* SettingsRowView.swift */ = {isa = PBXFileReference; lastKnownFileType = sourcecode.swift; path = SettingsRowView.swift; sourceTree = "<group>"; };
		B4B21FA32B3C0C1D00279DF7 /* LoginView.swift */ = {isa = PBXFileReference; lastKnownFileType = sourcecode.swift; path = LoginView.swift; sourceTree = "<group>"; };
		B4B21FA52B3C0C3E00279DF7 /* RegistrationView.swift */ = {isa = PBXFileReference; lastKnownFileType = sourcecode.swift; path = RegistrationView.swift; sourceTree = "<group>"; };
		B4B21FA72B3C0C6000279DF7 /* AuthVM.swift */ = {isa = PBXFileReference; lastKnownFileType = sourcecode.swift; path = AuthVM.swift; sourceTree = "<group>"; };
		B4B21FA92B3C0CA000279DF7 /* ProfileView.swift */ = {isa = PBXFileReference; lastKnownFileType = sourcecode.swift; path = ProfileView.swift; sourceTree = "<group>"; };
		B4B21FAB2B3C0CCA00279DF7 /* User.swift */ = {isa = PBXFileReference; lastKnownFileType = sourcecode.swift; path = User.swift; sourceTree = "<group>"; };
		B4B21FD42B3C18EE00279DF7 /* GoogleService-Info.plist */ = {isa = PBXFileReference; lastKnownFileType = text.plist; path = "GoogleService-Info.plist"; sourceTree = SOURCE_ROOT; };
/* End PBXFileReference section */

/* Begin PBXFrameworksBuildPhase section */
		B4B21F822B3C0AB200279DF7 /* Frameworks */ = {
			isa = PBXFrameworksBuildPhase;
			buildActionMask = 2147483647;
			files = (
				B4B21FC32B3C102B00279DF7 /* FirebaseDatabase in Frameworks */,
				B444F3EC2B43C54D006BA280 /* FirebaseAuth in Frameworks */,
				B4B21FC92B3C102B00279DF7 /* FirebaseFirestore in Frameworks */,
				B4B21FCD2B3C102B00279DF7 /* FirebaseFirestoreSwift in Frameworks */,
				B4B21FC52B3C102B00279DF7 /* FirebaseDatabaseSwift in Frameworks */,
				B444F3EE2B43C54D006BA280 /* FirebaseAuthCombine-Community in Frameworks */,
				B4B21FCB2B3C102B00279DF7 /* FirebaseFirestoreCombine-Community in Frameworks */,
			);
			runOnlyForDeploymentPostprocessing = 0;
		};
/* End PBXFrameworksBuildPhase section */

/* Begin PBXGroup section */
		B444F3EA2B43C54D006BA280 /* Frameworks */ = {
			isa = PBXGroup;
			children = (
			);
			name = Frameworks;
			sourceTree = "<group>";
		};
		B4B21F7C2B3C0AB200279DF7 = {
			isa = PBXGroup;
			children = (
				B4B21F872B3C0AB200279DF7 /* FBAuth */,
				B4B21F862B3C0AB200279DF7 /* Products */,
				B444F3EA2B43C54D006BA280 /* Frameworks */,
			);
			sourceTree = "<group>";
		};
		B4B21F862B3C0AB200279DF7 /* Products */ = {
			isa = PBXGroup;
			children = (
				B4B21F852B3C0AB200279DF7 /* FBAuth.app */,
			);
			name = Products;
			sourceTree = "<group>";
		};
		B4B21F872B3C0AB200279DF7 /* FBAuth */ = {
			isa = PBXGroup;
			children = (
				B4B21FD42B3C18EE00279DF7 /* GoogleService-Info.plist */,
				B4B21F962B3C0AEE00279DF7 /* App */,
				B4B21F972B3C0AF300279DF7 /* Components */,
				B4B21F982B3C0AF800279DF7 /* Core */,
				B4B21F9C2B3C0B5700279DF7 /* Model */,
				B4B21F8C2B3C0AB400279DF7 /* Assets.xcassets */,
				B4B21F8E2B3C0AB400279DF7 /* Preview Content */,
			);
			path = FBAuth;
			sourceTree = "<group>";
		};
		B4B21F8E2B3C0AB400279DF7 /* Preview Content */ = {
			isa = PBXGroup;
			children = (
				B4B21F8F2B3C0AB400279DF7 /* Preview Assets.xcassets */,
			);
			path = "Preview Content";
			sourceTree = "<group>";
		};
		B4B21F962B3C0AEE00279DF7 /* App */ = {
			isa = PBXGroup;
			children = (
				B4B21F882B3C0AB200279DF7 /* FBAuthApp.swift */,
			);
			path = App;
			sourceTree = "<group>";
		};
		B4B21F972B3C0AF300279DF7 /* Components */ = {
			isa = PBXGroup;
			children = (
				B4B21F9D2B3C0B8E00279DF7 /* InputView.swift */,
				B4B21F9F2B3C0BD500279DF7 /* SettingsRowView.swift */,
			);
			path = Components;
			sourceTree = "<group>";
		};
		B4B21F982B3C0AF800279DF7 /* Core */ = {
			isa = PBXGroup;
			children = (
				B4B21F992B3C0AFF00279DF7 /* Authentication */,
				B4B21F9A2B3C0B1900279DF7 /* Profile */,
				B4B21F9B2B3C0B1E00279DF7 /* Root */,
			);
			path = Core;
			sourceTree = "<group>";
		};
		B4B21F992B3C0AFF00279DF7 /* Authentication */ = {
			isa = PBXGroup;
			children = (
				B4B21FA12B3C0BE800279DF7 /* View */,
				B4B21FA22B3C0BEC00279DF7 /* ViewModel */,
			);
			path = Authentication;
			sourceTree = "<group>";
		};
		B4B21F9A2B3C0B1900279DF7 /* Profile */ = {
			isa = PBXGroup;
			children = (
				B4B21FA92B3C0CA000279DF7 /* ProfileView.swift */,
			);
			path = Profile;
			sourceTree = "<group>";
		};
		B4B21F9B2B3C0B1E00279DF7 /* Root */ = {
			isa = PBXGroup;
			children = (
				B4B21F8A2B3C0AB200279DF7 /* ContentView.swift */,
			);
			path = Root;
			sourceTree = "<group>";
		};
		B4B21F9C2B3C0B5700279DF7 /* Model */ = {
			isa = PBXGroup;
			children = (
				B4B21FAB2B3C0CCA00279DF7 /* User.swift */,
			);
			path = Model;
			sourceTree = "<group>";
		};
		B4B21FA12B3C0BE800279DF7 /* View */ = {
			isa = PBXGroup;
			children = (
				B4B21FA32B3C0C1D00279DF7 /* LoginView.swift */,
				B4B21FA52B3C0C3E00279DF7 /* RegistrationView.swift */,
			);
			path = View;
			sourceTree = "<group>";
		};
		B4B21FA22B3C0BEC00279DF7 /* ViewModel */ = {
			isa = PBXGroup;
			children = (
				B4B21FA72B3C0C6000279DF7 /* AuthVM.swift */,
			);
			path = ViewModel;
			sourceTree = "<group>";
		};
/* End PBXGroup section */

/* Begin PBXNativeTarget section */
		B4B21F842B3C0AB200279DF7 /* FBAuth */ = {
			isa = PBXNativeTarget;
			buildConfigurationList = B4B21F932B3C0AB400279DF7 /* Build configuration list for PBXNativeTarget "FBAuth" */;
			buildPhases = (
				B4B21F812B3C0AB200279DF7 /* Sources */,
				B4B21F822B3C0AB200279DF7 /* Frameworks */,
				B4B21F832B3C0AB200279DF7 /* Resources */,
			);
			buildRules = (
			);
			dependencies = (
			);
			name = FBAuth;
			packageProductDependencies = (
				B4B21FC22B3C102B00279DF7 /* FirebaseDatabase */,
				B4B21FC42B3C102B00279DF7 /* FirebaseDatabaseSwift */,
				B4B21FC82B3C102B00279DF7 /* FirebaseFirestore */,
				B4B21FCA2B3C102B00279DF7 /* FirebaseFirestoreCombine-Community */,
				B4B21FCC2B3C102B00279DF7 /* FirebaseFirestoreSwift */,
				B444F3EB2B43C54D006BA280 /* FirebaseAuth */,
				B444F3ED2B43C54D006BA280 /* FirebaseAuthCombine-Community */,
			);
			productName = FBAuth;
			productReference = B4B21F852B3C0AB200279DF7 /* FBAuth.app */;
			productType = "com.apple.product-type.application";
		};
/* End PBXNativeTarget section */

/* Begin PBXProject section */
		B4B21F7D2B3C0AB200279DF7 /* Project object */ = {
			isa = PBXProject;
			attributes = {
				BuildIndependentTargetsInParallel = 1;
				LastSwiftUpdateCheck = 1510;
				LastUpgradeCheck = 1510;
				TargetAttributes = {
					B4B21F842B3C0AB200279DF7 = {
						CreatedOnToolsVersion = 15.1;
					};
				};
			};
			buildConfigurationList = B4B21F802B3C0AB200279DF7 /* Build configuration list for PBXProject "FBAuth" */;
			compatibilityVersion = "Xcode 14.0";
			developmentRegion = en;
			hasScannedForEncodings = 0;
			knownRegions = (
				en,
				Base,
			);
			mainGroup = B4B21F7C2B3C0AB200279DF7;
			packageReferences = (
				B4B21FAF2B3C102B00279DF7 /* XCRemoteSwiftPackageReference "firebase-ios-sdk" */,
			);
			productRefGroup = B4B21F862B3C0AB200279DF7 /* Products */;
			projectDirPath = "";
			projectRoot = "";
			targets = (
				B4B21F842B3C0AB200279DF7 /* FBAuth */,
			);
		};
/* End PBXProject section */

/* Begin PBXResourcesBuildPhase section */
		B4B21F832B3C0AB200279DF7 /* Resources */ = {
			isa = PBXResourcesBuildPhase;
			buildActionMask = 2147483647;
			files = (
				B4B21F902B3C0AB400279DF7 /* Preview Assets.xcassets in Resources */,
				B4B21F8D2B3C0AB400279DF7 /* Assets.xcassets in Resources */,
				B4B21FD52B3C18EE00279DF7 /* GoogleService-Info.plist in Resources */,
			);
			runOnlyForDeploymentPostprocessing = 0;
		};
/* End PBXResourcesBuildPhase section */

/* Begin PBXSourcesBuildPhase section */
		B4B21F812B3C0AB200279DF7 /* Sources */ = {
			isa = PBXSourcesBuildPhase;
			buildActionMask = 2147483647;
			files = (
				B4B21FAA2B3C0CA000279DF7 /* ProfileView.swift in Sources */,
				B4B21FA02B3C0BD500279DF7 /* SettingsRowView.swift in Sources */,
				B4B21F9E2B3C0B8E00279DF7 /* InputView.swift in Sources */,
				B4B21F8B2B3C0AB200279DF7 /* ContentView.swift in Sources */,
				B4B21FA62B3C0C3E00279DF7 /* RegistrationView.swift in Sources */,
				B4B21FAC2B3C0CCA00279DF7 /* User.swift in Sources */,
				B4B21FA42B3C0C1D00279DF7 /* LoginView.swift in Sources */,
				B4B21FA82B3C0C6000279DF7 /* AuthVM.swift in Sources */,
				B4B21F892B3C0AB200279DF7 /* FBAuthApp.swift in Sources */,
			);
			runOnlyForDeploymentPostprocessing = 0;
		};
/* End PBXSourcesBuildPhase section */

/* Begin XCBuildConfiguration section */
		B4B21F912B3C0AB400279DF7 /* Debug */ = {
			isa = XCBuildConfiguration;
			buildSettings = {
				ALWAYS_SEARCH_USER_PATHS = NO;
				ASSETCATALOG_COMPILER_GENERATE_SWIFT_ASSET_SYMBOL_EXTENSIONS = YES;
				CLANG_ANALYZER_NONNULL = YES;
				CLANG_ANALYZER_NUMBER_OBJECT_CONVERSION = YES_AGGRESSIVE;
				CLANG_CXX_LANGUAGE_STANDARD = "gnu++20";
				CLANG_ENABLE_MODULES = YES;
				CLANG_ENABLE_OBJC_ARC = YES;
				CLANG_ENABLE_OBJC_WEAK = YES;
				CLANG_WARN_BLOCK_CAPTURE_AUTORELEASING = YES;
				CLANG_WARN_BOOL_CONVERSION = YES;
				CLANG_WARN_COMMA = YES;
				CLANG_WARN_CONSTANT_CONVERSION = YES;
				CLANG_WARN_DEPRECATED_OBJC_IMPLEMENTATIONS = YES;
				CLANG_WARN_DIRECT_OBJC_ISA_USAGE = YES_ERROR;
				CLANG_WARN_DOCUMENTATION_COMMENTS = YES;
				CLANG_WARN_EMPTY_BODY = YES;
				CLANG_WARN_ENUM_CONVERSION = YES;
				CLANG_WARN_INFINITE_RECURSION = YES;
				CLANG_WARN_INT_CONVERSION = YES;
				CLANG_WARN_NON_LITERAL_NULL_CONVERSION = YES;
				CLANG_WARN_OBJC_IMPLICIT_RETAIN_SELF = YES;
				CLANG_WARN_OBJC_LITERAL_CONVERSION = YES;
				CLANG_WARN_OBJC_ROOT_CLASS = YES_ERROR;
				CLANG_WARN_QUOTED_INCLUDE_IN_FRAMEWORK_HEADER = YES;
				CLANG_WARN_RANGE_LOOP_ANALYSIS = YES;
				CLANG_WARN_STRICT_PROTOTYPES = YES;
				CLANG_WARN_SUSPICIOUS_MOVE = YES;
				CLANG_WARN_UNGUARDED_AVAILABILITY = YES_AGGRESSIVE;
				CLANG_WARN_UNREACHABLE_CODE = YES;
				CLANG_WARN__DUPLICATE_METHOD_MATCH = YES;
				COPY_PHASE_STRIP = NO;
				DEBUG_INFORMATION_FORMAT = dwarf;
				ENABLE_STRICT_OBJC_MSGSEND = YES;
				ENABLE_TESTABILITY = YES;
				ENABLE_USER_SCRIPT_SANDBOXING = YES;
				GCC_C_LANGUAGE_STANDARD = gnu17;
				GCC_DYNAMIC_NO_PIC = NO;
				GCC_NO_COMMON_BLOCKS = YES;
				GCC_OPTIMIZATION_LEVEL = 0;
				GCC_PREPROCESSOR_DEFINITIONS = (
					"DEBUG=1",
					"$(inherited)",
				);
				GCC_WARN_64_TO_32_BIT_CONVERSION = YES;
				GCC_WARN_ABOUT_RETURN_TYPE = YES_ERROR;
				GCC_WARN_UNDECLARED_SELECTOR = YES;
				GCC_WARN_UNINITIALIZED_AUTOS = YES_AGGRESSIVE;
				GCC_WARN_UNUSED_FUNCTION = YES;
				GCC_WARN_UNUSED_VARIABLE = YES;
				IPHONEOS_DEPLOYMENT_TARGET = 17.2;
				LOCALIZATION_PREFERS_STRING_CATALOGS = YES;
				MTL_ENABLE_DEBUG_INFO = INCLUDE_SOURCE;
				MTL_FAST_MATH = YES;
				ONLY_ACTIVE_ARCH = YES;
				SDKROOT = iphoneos;
				SWIFT_ACTIVE_COMPILATION_CONDITIONS = "DEBUG $(inherited)";
				SWIFT_OPTIMIZATION_LEVEL = "-Onone";
			};
			name = Debug;
		};
		B4B21F922B3C0AB400279DF7 /* Release */ = {
			isa = XCBuildConfiguration;
			buildSettings = {
				ALWAYS_SEARCH_USER_PATHS = NO;
				ASSETCATALOG_COMPILER_GENERATE_SWIFT_ASSET_SYMBOL_EXTENSIONS = YES;
				CLANG_ANALYZER_NONNULL = YES;
				CLANG_ANALYZER_NUMBER_OBJECT_CONVERSION = YES_AGGRESSIVE;
				CLANG_CXX_LANGUAGE_STANDARD = "gnu++20";
				CLANG_ENABLE_MODULES = YES;
				CLANG_ENABLE_OBJC_ARC = YES;
				CLANG_ENABLE_OBJC_WEAK = YES;
				CLANG_WARN_BLOCK_CAPTURE_AUTORELEASING = YES;
				CLANG_WARN_BOOL_CONVERSION = YES;
				CLANG_WARN_COMMA = YES;
				CLANG_WARN_CONSTANT_CONVERSION = YES;
				CLANG_WARN_DEPRECATED_OBJC_IMPLEMENTATIONS = YES;
				CLANG_WARN_DIRECT_OBJC_ISA_USAGE = YES_ERROR;
				CLANG_WARN_DOCUMENTATION_COMMENTS = YES;
				CLANG_WARN_EMPTY_BODY = YES;
				CLANG_WARN_ENUM_CONVERSION = YES;
				CLANG_WARN_INFINITE_RECURSION = YES;
				CLANG_WARN_INT_CONVERSION = YES;
				CLANG_WARN_NON_LITERAL_NULL_CONVERSION = YES;
				CLANG_WARN_OBJC_IMPLICIT_RETAIN_SELF = YES;
				CLANG_WARN_OBJC_LITERAL_CONVERSION = YES;
				CLANG_WARN_OBJC_ROOT_CLASS = YES_ERROR;
				CLANG_WARN_QUOTED_INCLUDE_IN_FRAMEWORK_HEADER = YES;
				CLANG_WARN_RANGE_LOOP_ANALYSIS = YES;
				CLANG_WARN_STRICT_PROTOTYPES = YES;
				CLANG_WARN_SUSPICIOUS_MOVE = YES;
				CLANG_WARN_UNGUARDED_AVAILABILITY = YES_AGGRESSIVE;
				CLANG_WARN_UNREACHABLE_CODE = YES;
				CLANG_WARN__DUPLICATE_METHOD_MATCH = YES;
				COPY_PHASE_STRIP = NO;
				DEBUG_INFORMATION_FORMAT = "dwarf-with-dsym";
				ENABLE_NS_ASSERTIONS = NO;
				ENABLE_STRICT_OBJC_MSGSEND = YES;
				ENABLE_USER_SCRIPT_SANDBOXING = YES;
				GCC_C_LANGUAGE_STANDARD = gnu17;
				GCC_NO_COMMON_BLOCKS = YES;
				GCC_WARN_64_TO_32_BIT_CONVERSION = YES;
				GCC_WARN_ABOUT_RETURN_TYPE = YES_ERROR;
				GCC_WARN_UNDECLARED_SELECTOR = YES;
				GCC_WARN_UNINITIALIZED_AUTOS = YES_AGGRESSIVE;
				GCC_WARN_UNUSED_FUNCTION = YES;
				GCC_WARN_UNUSED_VARIABLE = YES;
				IPHONEOS_DEPLOYMENT_TARGET = 17.2;
				LOCALIZATION_PREFERS_STRING_CATALOGS = YES;
				MTL_ENABLE_DEBUG_INFO = NO;
				MTL_FAST_MATH = YES;
				SDKROOT = iphoneos;
				SWIFT_COMPILATION_MODE = wholemodule;
				VALIDATE_PRODUCT = YES;
			};
			name = Release;
		};
		B4B21F942B3C0AB400279DF7 /* Debug */ = {
			isa = XCBuildConfiguration;
			buildSettings = {
				ASSETCATALOG_COMPILER_APPICON_NAME = AppIcon;
				ASSETCATALOG_COMPILER_GLOBAL_ACCENT_COLOR_NAME = AccentColor;
				CODE_SIGN_STYLE = Automatic;
				CURRENT_PROJECT_VERSION = 1;
				DEVELOPMENT_ASSET_PATHS = "";
				DEVELOPMENT_TEAM = ZJUQAVTLY7;
				ENABLE_PREVIEWS = YES;
				GENERATE_INFOPLIST_FILE = YES;
				INFOPLIST_KEY_UIApplicationSceneManifest_Generation = YES;
				INFOPLIST_KEY_UIApplicationSupportsIndirectInputEvents = YES;
				INFOPLIST_KEY_UILaunchScreen_Generation = YES;
				INFOPLIST_KEY_UISupportedInterfaceOrientations_iPad = "UIInterfaceOrientationPortrait UIInterfaceOrientationPortraitUpsideDown UIInterfaceOrientationLandscapeLeft UIInterfaceOrientationLandscapeRight";
				INFOPLIST_KEY_UISupportedInterfaceOrientations_iPhone = "UIInterfaceOrientationPortrait UIInterfaceOrientationLandscapeLeft UIInterfaceOrientationLandscapeRight";
				LD_RUNPATH_SEARCH_PATHS = (
					"$(inherited)",
					"@executable_path/Frameworks",
				);
				MARKETING_VERSION = 1.0;
				PRODUCT_BUNDLE_IDENTIFIER = com.sergioherrera.FBAuth;
				PRODUCT_NAME = "$(TARGET_NAME)";
				SWIFT_EMIT_LOC_STRINGS = YES;
				SWIFT_VERSION = 5.0;
				TARGETED_DEVICE_FAMILY = "1,2";
			};
			name = Debug;
		};
		B4B21F952B3C0AB400279DF7 /* Release */ = {
			isa = XCBuildConfiguration;
			buildSettings = {
				ASSETCATALOG_COMPILER_APPICON_NAME = AppIcon;
				ASSETCATALOG_COMPILER_GLOBAL_ACCENT_COLOR_NAME = AccentColor;
				CODE_SIGN_STYLE = Automatic;
				CURRENT_PROJECT_VERSION = 1;
				DEVELOPMENT_ASSET_PATHS = "";
				DEVELOPMENT_TEAM = ZJUQAVTLY7;
				ENABLE_PREVIEWS = YES;
				GENERATE_INFOPLIST_FILE = YES;
				INFOPLIST_KEY_UIApplicationSceneManifest_Generation = YES;
				INFOPLIST_KEY_UIApplicationSupportsIndirectInputEvents = YES;
				INFOPLIST_KEY_UILaunchScreen_Generation = YES;
				INFOPLIST_KEY_UISupportedInterfaceOrientations_iPad = "UIInterfaceOrientationPortrait UIInterfaceOrientationPortraitUpsideDown UIInterfaceOrientationLandscapeLeft UIInterfaceOrientationLandscapeRight";
				INFOPLIST_KEY_UISupportedInterfaceOrientations_iPhone = "UIInterfaceOrientationPortrait UIInterfaceOrientationLandscapeLeft UIInterfaceOrientationLandscapeRight";
				LD_RUNPATH_SEARCH_PATHS = (
					"$(inherited)",
					"@executable_path/Frameworks",
				);
				MARKETING_VERSION = 1.0;
				PRODUCT_BUNDLE_IDENTIFIER = com.sergioherrera.FBAuth;
				PRODUCT_NAME = "$(TARGET_NAME)";
				SWIFT_EMIT_LOC_STRINGS = YES;
				SWIFT_VERSION = 5.0;
				TARGETED_DEVICE_FAMILY = "1,2";
			};
			name = Release;
		};
/* End XCBuildConfiguration section */

/* Begin XCConfigurationList section */
		B4B21F802B3C0AB200279DF7 /* Build configuration list for PBXProject "FBAuth" */ = {
			isa = XCConfigurationList;
			buildConfigurations = (
				B4B21F912B3C0AB400279DF7 /* Debug */,
				B4B21F922B3C0AB400279DF7 /* Release */,
			);
			defaultConfigurationIsVisible = 0;
			defaultConfigurationName = Release;
		};
		B4B21F932B3C0AB400279DF7 /* Build configuration list for PBXNativeTarget "FBAuth" */ = {
			isa = XCConfigurationList;
			buildConfigurations = (
				B4B21F942B3C0AB400279DF7 /* Debug */,
				B4B21F952B3C0AB400279DF7 /* Release */,
			);
			defaultConfigurationIsVisible = 0;
			defaultConfigurationName = Release;
		};
/* End XCConfigurationList section */

/* Begin XCRemoteSwiftPackageReference section */
		B4B21FAF2B3C102B00279DF7 /* XCRemoteSwiftPackageReference "firebase-ios-sdk" */ = {
			isa = XCRemoteSwiftPackageReference;
			repositoryURL = "https://github.com/firebase/firebase-ios-sdk.git";
			requirement = {
				kind = upToNextMajorVersion;
				minimumVersion = 10.19.1;
			};
		};
/* End XCRemoteSwiftPackageReference section */

/* Begin XCSwiftPackageProductDependency section */
		B444F3EB2B43C54D006BA280 /* FirebaseAuth */ = {
			isa = XCSwiftPackageProductDependency;
			package = B4B21FAF2B3C102B00279DF7 /* XCRemoteSwiftPackageReference "firebase-ios-sdk" */;
			productName = FirebaseAuth;
		};
		B444F3ED2B43C54D006BA280 /* FirebaseAuthCombine-Community */ = {
			isa = XCSwiftPackageProductDependency;
			package = B4B21FAF2B3C102B00279DF7 /* XCRemoteSwiftPackageReference "firebase-ios-sdk" */;
			productName = "FirebaseAuthCombine-Community";
		};
		B4B21FC22B3C102B00279DF7 /* FirebaseDatabase */ = {
			isa = XCSwiftPackageProductDependency;
			package = B4B21FAF2B3C102B00279DF7 /* XCRemoteSwiftPackageReference "firebase-ios-sdk" */;
			productName = FirebaseDatabase;
		};
		B4B21FC42B3C102B00279DF7 /* FirebaseDatabaseSwift */ = {
			isa = XCSwiftPackageProductDependency;
			package = B4B21FAF2B3C102B00279DF7 /* XCRemoteSwiftPackageReference "firebase-ios-sdk" */;
			productName = FirebaseDatabaseSwift;
		};
		B4B21FC82B3C102B00279DF7 /* FirebaseFirestore */ = {
			isa = XCSwiftPackageProductDependency;
			package = B4B21FAF2B3C102B00279DF7 /* XCRemoteSwiftPackageReference "firebase-ios-sdk" */;
			productName = FirebaseFirestore;
		};
		B4B21FCA2B3C102B00279DF7 /* FirebaseFirestoreCombine-Community */ = {
			isa = XCSwiftPackageProductDependency;
			package = B4B21FAF2B3C102B00279DF7 /* XCRemoteSwiftPackageReference "firebase-ios-sdk" */;
			productName = "FirebaseFirestoreCombine-Community";
		};
		B4B21FCC2B3C102B00279DF7 /* FirebaseFirestoreSwift */ = {
			isa = XCSwiftPackageProductDependency;
			package = B4B21FAF2B3C102B00279DF7 /* XCRemoteSwiftPackageReference "firebase-ios-sdk" */;
			productName = FirebaseFirestoreSwift;
		};
/* End XCSwiftPackageProductDependency section */
	};
	rootObject = B4B21F7D2B3C0AB200279DF7 /* Project object */;
}
